
Microsoft Visual Studio Solution File, Format Version 12.00
# Visual Studio Version 17
VisualStudioVersion = 17.14.36221.1 d17.14
MinimumVisualStudioVersion = 10.0.40219.1
Project("{FAE04EC0-301F-11D3-BF4B-00C04F79EFBC}") = "StudentRecordApp", "StudentRecordApp\StudentRecordApp.csproj", "{2A0FC5A9-AD7D-4B6D-9F31-5161D496C108}"
EndProject
Global
	GlobalSection(SolutionConfigurationPlatforms) = preSolution
		Debug|Any CPU = Debug|Any CPU
		Release|Any CPU = Release|Any CPU
	EndGlobalSection
	GlobalSection(ProjectConfigurationPlatforms) = postSolution
		{2A0FC5A9-AD7D-4B6D-9F31-5161D496C108}.Debug|Any CPU.ActiveCfg = Debug|Any CPU
		{2A0FC5A9-AD7D-4B6D-9F31-5161D496C108}.Debug|Any CPU.Build.0 = Debug|Any CPU
		{2A0FC5A9-AD7D-4B6D-9F31-5161D496C108}.Release|Any CPU.ActiveCfg = Release|Any CPU
		{2A0FC5A9-AD7D-4B6D-9F31-5161D496C108}.Release|Any CPU.Build.0 = Release|Any CPU
	EndGlobalSection
	GlobalSection(SolutionProperties) = preSolution
		HideSolutionNode = FALSE
	EndGlobalSection
	GlobalSection(ExtensibilityGlobals) = postSolution
		SolutionGuid = {D6ACABC0-9156-417F-A93B-6D5C54FDA467}
	EndGlobalSection
EndGlobal
